// !$*UTF8*$!
{
	archiveVersion = 1;
	classes = {
	};
	objectVersion = 45;
	objects = {

/* Begin PBXBuildFile section */
		1D3623260D0F684500981E51 /* TEDAppDelegate.m in Sources */ = {isa = PBXBuildFile; fileRef = 1D3623250D0F684500981E51 /* TEDAppDelegate.m */; };
		1D60589B0D05DD56006BFB54 /* main.m in Sources */ = {isa = PBXBuildFile; fileRef = 29B97316FDCFA39411CA2CEA /* main.m */; };
		1D60589F0D05DD5A006BFB54 /* Foundation.framework in Frameworks */ = {isa = PBXBuildFile; fileRef = 1D30AB110D05D00D00671497 /* Foundation.framework */; };
		1DF5F4E00D08C38300B7A737 /* UIKit.framework in Frameworks */ = {isa = PBXBuildFile; fileRef = 1DF5F4DF0D08C38300B7A737 /* UIKit.framework */; };
		2892E4100DC94CBA00A64D0F /* CoreGraphics.framework in Frameworks */ = {isa = PBXBuildFile; fileRef = 2892E40F0DC94CBA00A64D0F /* CoreGraphics.framework */; };
		28AD73600D9D9599002E5188 /* MainWindow.xib in Resources */ = {isa = PBXBuildFile; fileRef = 28AD735F0D9D9599002E5188 /* MainWindow.xib */; };
		28C286E10D94DF7D0034E888 /* RootViewController.m in Sources */ = {isa = PBXBuildFile; fileRef = 28C286E00D94DF7D0034E888 /* RootViewController.m */; };
		28F335F11007B36200424DE2 /* RootViewController.xib in Resources */ = {isa = PBXBuildFile; fileRef = 28F335F01007B36200424DE2 /* RootViewController.xib */; };
		353065AA1321DA9A00CC6332 /* FeedRequestor.m in Sources */ = {isa = PBXBuildFile; fileRef = 353065A71321DA9A00CC6332 /* FeedRequestor.m */; };
		353065AB1321DA9A00CC6332 /* ImageRequestor.m in Sources */ = {isa = PBXBuildFile; fileRef = 353065A91321DA9A00CC6332 /* ImageRequestor.m */; };
		353066C91323173B00CC6332 /* icon@2x.png in Resources */ = {isa = PBXBuildFile; fileRef = 353066C71323173B00CC6332 /* icon@2x.png */; };
		353066CA1323173B00CC6332 /* icon.png in Resources */ = {isa = PBXBuildFile; fileRef = 353066C81323173B00CC6332 /* icon.png */; };
		3530675A132327AE00CC6332 /* TED-logo.png in Resources */ = {isa = PBXBuildFile; fileRef = 35306759132327AE00CC6332 /* TED-logo.png */; };
		353067B5132330E700CC6332 /* TED-logo-sm.png in Resources */ = {isa = PBXBuildFile; fileRef = 353067B4132330E700CC6332 /* TED-logo-sm.png */; };
		353067F713233B0200CC6332 /* TED-bg.png in Resources */ = {isa = PBXBuildFile; fileRef = 353067F613233B0200CC6332 /* TED-bg.png */; };
		358C37A81324BFD3007D7DAA /* featured-talk-bg.png in Resources */ = {isa = PBXBuildFile; fileRef = 358C37A71324BFD3007D7DAA /* featured-talk-bg.png */; };
		35987C0A134009A6002AE7DE /* miniHeading-bg.png in Resources */ = {isa = PBXBuildFile; fileRef = 35987C09134009A6002AE7DE /* miniHeading-bg.png */; };
		35E55E4A1321D812009C228F /* OpenNC.m in Sources */ = {isa = PBXBuildFile; fileRef = 35E55E491321D812009C228F /* OpenNC.m */; };
		35F977FF133D705F00ECCD65 /* MediaPlayer.framework in Frameworks */ = {isa = PBXBuildFile; fileRef = 35F977FE133D705F00ECCD65 /* MediaPlayer.framework */; };
/* End PBXBuildFile section */

/* Begin PBXFileReference section */
		1D30AB110D05D00D00671497 /* Foundation.framework */ = {isa = PBXFileReference; lastKnownFileType = wrapper.framework; name = Foundation.framework; path = System/Library/Frameworks/Foundation.framework; sourceTree = SDKROOT; };
		1D3623240D0F684500981E51 /* TEDAppDelegate.h */ = {isa = PBXFileReference; fileEncoding = 4; lastKnownFileType = sourcecode.c.h; path = TEDAppDelegate.h; sourceTree = "<group>"; };
		1D3623250D0F684500981E51 /* TEDAppDelegate.m */ = {isa = PBXFileReference; fileEncoding = 4; lastKnownFileType = sourcecode.c.objc; path = TEDAppDelegate.m; sourceTree = "<group>"; };
		1D6058910D05DD3D006BFB54 /* TED.app */ = {isa = PBXFileReference; explicitFileType = wrapper.application; includeInIndex = 0; path = TED.app; sourceTree = BUILT_PRODUCTS_DIR; };
		1DF5F4DF0D08C38300B7A737 /* UIKit.framework */ = {isa = PBXFileReference; lastKnownFileType = wrapper.framework; name = UIKit.framework; path = System/Library/Frameworks/UIKit.framework; sourceTree = SDKROOT; };
		2892E40F0DC94CBA00A64D0F /* CoreGraphics.framework */ = {isa = PBXFileReference; lastKnownFileType = wrapper.framework; name = CoreGraphics.framework; path = System/Library/Frameworks/CoreGraphics.framework; sourceTree = SDKROOT; };
		28A0AAE50D9B0CCF005BE974 /* TED_Prefix.pch */ = {isa = PBXFileReference; fileEncoding = 4; lastKnownFileType = sourcecode.c.h; path = TED_Prefix.pch; sourceTree = "<group>"; };
		28AD735F0D9D9599002E5188 /* MainWindow.xib */ = {isa = PBXFileReference; lastKnownFileType = file.xib; path = MainWindow.xib; sourceTree = "<group>"; };
		28C286DF0D94DF7D0034E888 /* RootViewController.h */ = {isa = PBXFileReference; fileEncoding = 4; lastKnownFileType = sourcecode.c.h; path = RootViewController.h; sourceTree = "<group>"; };
		28C286E00D94DF7D0034E888 /* RootViewController.m */ = {isa = PBXFileReference; fileEncoding = 4; lastKnownFileType = sourcecode.c.objc; path = RootViewController.m; sourceTree = "<group>"; };
		28F335F01007B36200424DE2 /* RootViewController.xib */ = {isa = PBXFileReference; lastKnownFileType = file.xib; name = RootViewController.xib; path = ../RootViewController.xib; sourceTree = "<group>"; };
		29B97316FDCFA39411CA2CEA /* main.m */ = {isa = PBXFileReference; fileEncoding = 4; lastKnownFileType = sourcecode.c.objc; path = main.m; sourceTree = "<group>"; };
		353065A61321DA9A00CC6332 /* FeedRequestor.h */ = {isa = PBXFileReference; fileEncoding = 4; lastKnownFileType = sourcecode.c.h; path = FeedRequestor.h; sourceTree = "<group>"; };
		353065A71321DA9A00CC6332 /* FeedRequestor.m */ = {isa = PBXFileReference; fileEncoding = 4; lastKnownFileType = sourcecode.c.objc; path = FeedRequestor.m; sourceTree = "<group>"; };
		353065A81321DA9A00CC6332 /* ImageRequestor.h */ = {isa = PBXFileReference; fileEncoding = 4; lastKnownFileType = sourcecode.c.h; name = ImageRequestor.h; path = Classes/ImageRequestor.h; sourceTree = SOURCE_ROOT; };
		353065A91321DA9A00CC6332 /* ImageRequestor.m */ = {isa = PBXFileReference; fileEncoding = 4; lastKnownFileType = sourcecode.c.objc; name = ImageRequestor.m; path = Classes/ImageRequestor.m; sourceTree = SOURCE_ROOT; };
		353066C71323173B00CC6332 /* icon@2x.png */ = {isa = PBXFileReference; lastKnownFileType = image.png; path = "icon@2x.png"; sourceTree = SOURCE_ROOT; };
		353066C81323173B00CC6332 /* icon.png */ = {isa = PBXFileReference; lastKnownFileType = image.png; path = icon.png; sourceTree = SOURCE_ROOT; };
		35306759132327AE00CC6332 /* TED-logo.png */ = {isa = PBXFileReference; lastKnownFileType = image.png; path = "TED-logo.png"; sourceTree = SOURCE_ROOT; };
		353067B4132330E700CC6332 /* TED-logo-sm.png */ = {isa = PBXFileReference; lastKnownFileType = image.png; path = "TED-logo-sm.png"; sourceTree = SOURCE_ROOT; };
		353067F613233B0200CC6332 /* TED-bg.png */ = {isa = PBXFileReference; lastKnownFileType = image.png; path = "TED-bg.png"; sourceTree = SOURCE_ROOT; };
		358C37A71324BFD3007D7DAA /* featured-talk-bg.png */ = {isa = PBXFileReference; lastKnownFileType = image.png; path = "featured-talk-bg.png"; sourceTree = SOURCE_ROOT; };
		35987C09134009A6002AE7DE /* miniHeading-bg.png */ = {isa = PBXFileReference; lastKnownFileType = image.png; path = "miniHeading-bg.png"; sourceTree = "<group>"; };
		35E55E481321D812009C228F /* OpenNC.h */ = {isa = PBXFileReference; fileEncoding = 4; lastKnownFileType = sourcecode.c.h; name = OpenNC.h; path = Classes/OpenNC.h; sourceTree = SOURCE_ROOT; };
		35E55E491321D812009C228F /* OpenNC.m */ = {isa = PBXFileReference; fileEncoding = 4; lastKnownFileType = sourcecode.c.objc; name = OpenNC.m; path = Classes/OpenNC.m; sourceTree = SOURCE_ROOT; };
		35F977FE133D705F00ECCD65 /* MediaPlayer.framework */ = {isa = PBXFileReference; lastKnownFileType = wrapper.framework; name = MediaPlayer.framework; path = System/Library/Frameworks/MediaPlayer.framework; sourceTree = SDKROOT; };
		8D1107310486CEB800E47090 /* TED-Info.plist */ = {isa = PBXFileReference; fileEncoding = 4; lastKnownFileType = text.plist.xml; path = "TED-Info.plist"; plistStructureDefinitionIdentifier = "com.apple.xcode.plist.structure-definition.iphone.info-plist"; sourceTree = "<group>"; };
/* End PBXFileReference section */

/* Begin PBXFrameworksBuildPhase section */
		1D60588F0D05DD3D006BFB54 /* Frameworks */ = {
			isa = PBXFrameworksBuildPhase;
			buildActionMask = 2147483647;
			files = (
				35F977FF133D705F00ECCD65 /* MediaPlayer.framework in Frameworks */,
				1D60589F0D05DD5A006BFB54 /* Foundation.framework in Frameworks */,
				1DF5F4E00D08C38300B7A737 /* UIKit.framework in Frameworks */,
				2892E4100DC94CBA00A64D0F /* CoreGraphics.framework in Frameworks */,
			);
			runOnlyForDeploymentPostprocessing = 0;
		};
/* End PBXFrameworksBuildPhase section */

/* Begin PBXGroup section */
		080E96DDFE201D6D7F000001 /* Classes */ = {
			isa = PBXGroup;
			children = (
				35E55E3D1321D7F7009C228F /* OpenNC */,
				3530664D13230E4200CC6332 /* Root View Controller */,
				1D3623240D0F684500981E51 /* TEDAppDelegate.h */,
				1D3623250D0F684500981E51 /* TEDAppDelegate.m */,
			);
			path = Classes;
			sourceTree = "<group>";
		};
		19C28FACFE9D520D11CA2CBB /* Products */ = {
			isa = PBXGroup;
			children = (
				1D6058910D05DD3D006BFB54 /* TED.app */,
			);
			name = Products;
			sourceTree = "<group>";
		};
		29B97314FDCFA39411CA2CEA /* CustomTemplate */ = {
			isa = PBXGroup;
			children = (
				080E96DDFE201D6D7F000001 /* Classes */,
				29B97315FDCFA39411CA2CEA /* Other Sources */,
				29B97317FDCFA39411CA2CEA /* Resources */,
				29B97323FDCFA39411CA2CEA /* Frameworks */,
				19C28FACFE9D520D11CA2CBB /* Products */,
			);
			name = CustomTemplate;
			sourceTree = "<group>";
		};
		29B97315FDCFA39411CA2CEA /* Other Sources */ = {
			isa = PBXGroup;
			children = (
				28A0AAE50D9B0CCF005BE974 /* TED_Prefix.pch */,
				29B97316FDCFA39411CA2CEA /* main.m */,
			);
			name = "Other Sources";
			sourceTree = "<group>";
		};
		29B97317FDCFA39411CA2CEA /* Resources */ = {
			isa = PBXGroup;
			children = (
				3530664A13230E2A00CC6332 /* Images */,
				28AD735F0D9D9599002E5188 /* MainWindow.xib */,
				353066C71323173B00CC6332 /* icon@2x.png */,
				353066C81323173B00CC6332 /* icon.png */,
				8D1107310486CEB800E47090 /* TED-Info.plist */,
			);
			name = Resources;
			sourceTree = "<group>";
		};
		29B97323FDCFA39411CA2CEA /* Frameworks */ = {
			isa = PBXGroup;
			children = (
				35F977FE133D705F00ECCD65 /* MediaPlayer.framework */,
				1DF5F4DF0D08C38300B7A737 /* UIKit.framework */,
				1D30AB110D05D00D00671497 /* Foundation.framework */,
				2892E40F0DC94CBA00A64D0F /* CoreGraphics.framework */,
			);
			name = Frameworks;
			sourceTree = "<group>";
		};
		3530664A13230E2A00CC6332 /* Images */ = {
			isa = PBXGroup;
			children = (
				353067F613233B0200CC6332 /* TED-bg.png */,
				35306759132327AE00CC6332 /* TED-logo.png */,
				353067B4132330E700CC6332 /* TED-logo-sm.png */,
				358C37A71324BFD3007D7DAA /* featured-talk-bg.png */,
				35987C09134009A6002AE7DE /* miniHeading-bg.png */,
			);
			name = Images;
			sourceTree = "<group>";
		};
		3530664D13230E4200CC6332 /* Root View Controller */ = {
			isa = PBXGroup;
			children = (
				28C286DF0D94DF7D0034E888 /* RootViewController.h */,
				28C286E00D94DF7D0034E888 /* RootViewController.m */,
				28F335F01007B36200424DE2 /* RootViewController.xib */,
			);
			name = "Root View Controller";
			sourceTree = "<group>";
		};
		35E55E3D1321D7F7009C228F /* OpenNC */ = {
			isa = PBXGroup;
			children = (
				35E55E481321D812009C228F /* OpenNC.h */,
				35E55E491321D812009C228F /* OpenNC.m */,
				353065A61321DA9A00CC6332 /* FeedRequestor.h */,
				353065A71321DA9A00CC6332 /* FeedRequestor.m */,
				353065A81321DA9A00CC6332 /* ImageRequestor.h */,
				353065A91321DA9A00CC6332 /* ImageRequestor.m */,
			);
			name = OpenNC;
			sourceTree = "<group>";
		};
/* End PBXGroup section */

/* Begin PBXNativeTarget section */
		1D6058900D05DD3D006BFB54 /* TED */ = {
			isa = PBXNativeTarget;
			buildConfigurationList = 1D6058960D05DD3E006BFB54 /* Build configuration list for PBXNativeTarget "TED" */;
			buildPhases = (
				1D60588D0D05DD3D006BFB54 /* Resources */,
				1D60588E0D05DD3D006BFB54 /* Sources */,
				1D60588F0D05DD3D006BFB54 /* Frameworks */,
			);
			buildRules = (
			);
			dependencies = (
			);
			name = TED;
			productName = TED;
			productReference = 1D6058910D05DD3D006BFB54 /* TED.app */;
			productType = "com.apple.product-type.application";
		};
/* End PBXNativeTarget section */

/* Begin PBXProject section */
		29B97313FDCFA39411CA2CEA /* Project object */ = {
			isa = PBXProject;
			attributes = {
				ORGANIZATIONNAME = "Studio Noodlehouse";
			};
			buildConfigurationList = C01FCF4E08A954540054247B /* Build configuration list for PBXProject "TED" */;
			compatibilityVersion = "Xcode 3.1";
			developmentRegion = English;
			hasScannedForEncodings = 1;
			knownRegions = (
				English,
				Japanese,
				French,
				German,
				en,
			);
			mainGroup = 29B97314FDCFA39411CA2CEA /* CustomTemplate */;
			projectDirPath = "";
			projectRoot = "";
			targets = (
				1D6058900D05DD3D006BFB54 /* TED */,
			);
		};
/* End PBXProject section */

/* Begin PBXResourcesBuildPhase section */
		1D60588D0D05DD3D006BFB54 /* Resources */ = {
			isa = PBXResourcesBuildPhase;
			buildActionMask = 2147483647;
			files = (
				28AD73600D9D9599002E5188 /* MainWindow.xib in Resources */,
				28F335F11007B36200424DE2 /* RootViewController.xib in Resources */,
				353066C91323173B00CC6332 /* icon@2x.png in Resources */,
				353066CA1323173B00CC6332 /* icon.png in Resources */,
				3530675A132327AE00CC6332 /* TED-logo.png in Resources */,
				353067B5132330E700CC6332 /* TED-logo-sm.png in Resources */,
				353067F713233B0200CC6332 /* TED-bg.png in Resources */,
				358C37A81324BFD3007D7DAA /* featured-talk-bg.png in Resources */,
				35987C0A134009A6002AE7DE /* miniHeading-bg.png in Resources */,
			);
			runOnlyForDeploymentPostprocessing = 0;
		};
/* End PBXResourcesBuildPhase section */

/* Begin PBXSourcesBuildPhase section */
		1D60588E0D05DD3D006BFB54 /* Sources */ = {
			isa = PBXSourcesBuildPhase;
			buildActionMask = 2147483647;
			files = (
				1D60589B0D05DD56006BFB54 /* main.m in Sources */,
				1D3623260D0F684500981E51 /* TEDAppDelegate.m in Sources */,
				28C286E10D94DF7D0034E888 /* RootViewController.m in Sources */,
				35E55E4A1321D812009C228F /* OpenNC.m in Sources */,
				353065AA1321DA9A00CC6332 /* FeedRequestor.m in Sources */,
				353065AB1321DA9A00CC6332 /* ImageRequestor.m in Sources */,
			);
			runOnlyForDeploymentPostprocessing = 0;
		};
/* End PBXSourcesBuildPhase section */

/* Begin XCBuildConfiguration section */
		1D6058940D05DD3E006BFB54 /* Debug */ = {
			isa = XCBuildConfiguration;
			buildSettings = {
				ALWAYS_SEARCH_USER_PATHS = NO;
				COPY_PHASE_STRIP = NO;
				GCC_DYNAMIC_NO_PIC = NO;
				GCC_OPTIMIZATION_LEVEL = 0;
				GCC_PRECOMPILE_PREFIX_HEADER = YES;
				GCC_PREFIX_HEADER = TED_Prefix.pch;
				INFOPLIST_FILE = "TED-Info.plist";
				PRODUCT_NAME = TED;
			};
			name = Debug;
		};
		1D6058950D05DD3E006BFB54 /* Release */ = {
			isa = XCBuildConfiguration;
			buildSettings = {
				ALWAYS_SEARCH_USER_PATHS = NO;
				COPY_PHASE_STRIP = YES;
				GCC_PRECOMPILE_PREFIX_HEADER = YES;
				GCC_PREFIX_HEADER = TED_Prefix.pch;
				INFOPLIST_FILE = "TED-Info.plist";
				PRODUCT_NAME = TED;
				VALIDATE_PRODUCT = YES;
			};
			name = Release;
		};
		C01FCF4F08A954540054247B /* Debug */ = {
			isa = XCBuildConfiguration;
			buildSettings = {
				ARCHS = "$(ARCHS_STANDARD_32_BIT)";
				"CODE_SIGN_IDENTITY[sdk=iphoneos*]" = "iPhone Developer";
				GCC_C_LANGUAGE_STANDARD = c99;
				GCC_WARN_ABOUT_RETURN_TYPE = YES;
				GCC_WARN_UNUSED_VARIABLE = YES;
				PREBINDING = NO;
				SDKROOT = iphoneos;
			};
			name = Debug;
		};
		C01FCF5008A954540054247B /* Release */ = {
			isa = XCBuildConfiguration;
			buildSettings = {
				ARCHS = "$(ARCHS_STANDARD_32_BIT)";
				"CODE_SIGN_IDENTITY[sdk=iphoneos*]" = "iPhone Developer";
				GCC_C_LANGUAGE_STANDARD = c99;
				GCC_WARN_ABOUT_RETURN_TYPE = YES;
				GCC_WARN_UNUSED_VARIABLE = YES;
				OTHER_CFLAGS = "-DNS_BLOCK_ASSERTIONS=1";
				PREBINDING = NO;
				SDKROOT = iphoneos;
			};
			name = Release;
		};
/* End XCBuildConfiguration section */

/* Begin XCConfigurationList section */
		1D6058960D05DD3E006BFB54 /* Build configuration list for PBXNativeTarget "TED" */ = {
			isa = XCConfigurationList;
			buildConfigurations = (
				1D6058940D05DD3E006BFB54 /* Debug */,
				1D6058950D05DD3E006BFB54 /* Release */,
			);
			defaultConfigurationIsVisible = 0;
			defaultConfigurationName = Release;
		};
		C01FCF4E08A954540054247B /* Build configuration list for PBXProject "TED" */ = {
			isa = XCConfigurationList;
			buildConfigurations = (
				C01FCF4F08A954540054247B /* Debug */,
				C01FCF5008A954540054247B /* Release */,
			);
			defaultConfigurationIsVisible = 0;
			defaultConfigurationName = Release;
		};
/* End XCConfigurationList section */
	};
	rootObject = 29B97313FDCFA39411CA2CEA /* Project object */;
}
